{
  "name": "genpick",
  "version": "1.0.0",
  "lockfileVersion": 3,
  "requires": true,
  "packages": {
    "": {
      "name": "genpick",
      "version": "1.0.0",
      "license": "ISC",
      "devDependencies": {
        "@protobuf-ts/plugin": "^2.9.1",
        "@types/node": "^20.5.9",
        "typescript": "^5.2.2"
      }
    },
    "node_modules/@protobuf-ts/plugin": {
      "version": "2.9.1",
      "resolved": "https://registry.npmjs.org/@protobuf-ts/plugin/-/plugin-2.9.1.tgz",
      "integrity": "sha512-svkFSyFgTtaLdDFPGvd6cTu8qK5Nul5RizDCTcv0xWRzcPWtMiqbuCLKCv6E9gdpnAs3MPeQTnSABB2+NhfWBg==",
      "dev": true,
      "dependencies": {
        "@protobuf-ts/plugin-framework": "^2.9.1",
        "@protobuf-ts/protoc": "^2.9.1",
        "@protobuf-ts/runtime": "^2.9.1",
        "@protobuf-ts/runtime-rpc": "^2.9.1",
        "typescript": "^3.9"
      },
      "bin": {
        "protoc-gen-dump": "bin/protoc-gen-dump",
        "protoc-gen-ts": "bin/protoc-gen-ts"
      }
    },
    "node_modules/@protobuf-ts/plugin-framework": {
      "version": "2.9.1",
      "resolved": "https://registry.npmjs.org/@protobuf-ts/plugin-framework/-/plugin-framework-2.9.1.tgz",
      "integrity": "sha512-/4sHdsXjp6KKkbpcCLUHpMfdYsCaqqQHRAwoxVzHmltsotw06B/K9HglZtkQx0IpLO4eeF3vNr3n7qzjD3e2zA==",
      "dev": true,
      "dependencies": {
        "@protobuf-ts/runtime": "^2.9.1",
        "typescript": "^3.9"
      }
    },
    "node_modules/@protobuf-ts/plugin-framework/node_modules/typescript": {
      "version": "3.9.10",
      "resolved": "https://registry.npmjs.org/typescript/-/typescript-3.9.10.tgz",
      "integrity": "sha512-w6fIxVE/H1PkLKcCPsFqKE7Kv7QUwhU8qQY2MueZXWx5cPZdwFupLgKK3vntcK98BtNHZtAF4LA/yl2a7k8R6Q==",
      "dev": true,
      "bin": {
        "tsc": "bin/tsc",
        "tsserver": "bin/tsserver"
      },
      "engines": {
        "node": ">=4.2.0"
      }
    },
    "node_modules/@protobuf-ts/plugin/node_modules/typescript": {
      "version": "3.9.10",
      "resolved": "https://registry.npmjs.org/typescript/-/typescript-3.9.10.tgz",
      "integrity": "sha512-w6fIxVE/H1PkLKcCPsFqKE7Kv7QUwhU8qQY2MueZXWx5cPZdwFupLgKK3vntcK98BtNHZtAF4LA/yl2a7k8R6Q==",
      "dev": true,
      "bin": {
        "tsc": "bin/tsc",
        "tsserver": "bin/tsserver"
      },
      "engines": {
        "node": ">=4.2.0"
      }
    },
    "node_modules/@protobuf-ts/protoc": {
      "version": "2.9.1",
      "resolved": "https://registry.npmjs.org/@protobuf-ts/protoc/-/protoc-2.9.1.tgz",
      "integrity": "sha512-/q2iVDwVDijfZlFZnnm3W6ALbybNskNSww88TfYBaJH49PuQMqhcXUPRu28UouJr9sc/Lr5k6t0TB9Nff3UIsA==",
      "dev": true,
      "bin": {
        "protoc": "protoc.js"
      }
    },
    "node_modules/@protobuf-ts/runtime": {
      "version": "2.9.1",
      "resolved": "https://registry.npmjs.org/@protobuf-ts/runtime/-/runtime-2.9.1.tgz",
      "integrity": "sha512-ZTc8b+pQ6bwxZa3qg9/IO/M/brRkvr0tic9cSGgAsDByfPrtatT2300wTIRLDk8X9WTW1tT+FhyqmcrbMHTeww==",
      "dev": true
    },
    "node_modules/@protobuf-ts/runtime-rpc": {
      "version": "2.9.1",
      "resolved": "https://registry.npmjs.org/@protobuf-ts/runtime-rpc/-/runtime-rpc-2.9.1.tgz",
      "integrity": "sha512-pzO20J6s07LTWcj8hKAXh/dAacU5HIVir6SANKXXH8G0pn0VIIB4FFECq5Hbv25/8PQoOGZ7iApq/DMHaSjGhg==",
      "dev": true,
      "dependencies": {
        "@protobuf-ts/runtime": "^2.9.1"
      }
    },
    "node_modules/@types/node": {
      "version": "20.5.9",
      "resolved": "https://registry.npmjs.org/@types/node/-/node-20.5.9.tgz",
      "integrity": "sha512-PcGNd//40kHAS3sTlzKB9C9XL4K0sTup8nbG5lC14kzEteTNuAFh9u5nA0o5TWnSG2r/JNPRXFVcHJIIeRlmqQ==",
      "dev": true
    },
    "node_modules/typescript": {
      "version": "5.2.2",
      "resolved": "https://registry.npmjs.org/typescript/-/typescript-5.2.2.tgz",
      "integrity": "sha512-mI4WrpHsbCIcwT9cF4FZvr80QUeKvsUsUvKDoR+X/7XHQH98xYD8YHZg7ANtz2GtZt/CBq2QJ0thkGJMHfqc1w==",
      "dev": true,
      "bin": {
        "tsc": "bin/tsc",
        "tsserver": "bin/tsserver"
      },
      "engines": {
        "node": ">=14.17"
      }
    }
  }
}
